
Microsoft Visual Studio Solution File, Format Version 12.00
# Visual Studio Version 16
VisualStudioVersion = 16.0.30104.148
MinimumVisualStudioVersion = 10.0.40219.1
Project("{9A19103F-16F7-4668-BE54-9A1E7A4F7556}") = "BTCPayServer.BIP78.Sender", "BIP78.Sender\BTCPayServer.BIP78.Sender.csproj", "{068BAE62-52DE-4200-BB20-FF4D84B007D5}"
EndProject
Project("{9A19103F-16F7-4668-BE54-9A1E7A4F7556}") = "BTCPayServer.BIP78.Receiver", "BIP78.Receiver\BTCPayServer.BIP78.Receiver.csproj", "{4EAFF42C-8424-4BBB-93E5-4E0A7DF7EFCC}"
EndProject
Project("{FAE04EC0-301F-11D3-BF4B-00C04F79EFBC}") = "BTCPayServer.BIP78.Nostr", "BTCPayServer.BIP78.Nostr\BTCPayServer.BIP78.Nostr.csproj", "{8317C8F8-EDD4-42DD-9C8A-D00310850937}"
EndProject
Project("{FAE04EC0-301F-11D3-BF4B-00C04F79EFBC}") = "BIP78Tests", "BIP78Tests\BIP78Tests.csproj", "{CBED2A8C-336E-4173-8133-1757DC5D76B9}"
EndProject
Project("{FAE04EC0-301F-11D3-BF4B-00C04F79EFBC}") = "BIP78SampleWallet", "BIP78SampleWallet\BIP78SampleWallet.csproj", "{594D173B-116F-4439-951F-0798DBA9E4CC}"
EndProject
Global
	GlobalSection(SolutionConfigurationPlatforms) = preSolution
		Debug|Any CPU = Debug|Any CPU
		Release|Any CPU = Release|Any CPU
	EndGlobalSection
	GlobalSection(ProjectConfigurationPlatforms) = postSolution
		{068BAE62-52DE-4200-BB20-FF4D84B007D5}.Debug|Any CPU.ActiveCfg = Debug|Any CPU
		{068BAE62-52DE-4200-BB20-FF4D84B007D5}.Debug|Any CPU.Build.0 = Debug|Any CPU
		{068BAE62-52DE-4200-BB20-FF4D84B007D5}.Release|Any CPU.ActiveCfg = Release|Any CPU
		{068BAE62-52DE-4200-BB20-FF4D84B007D5}.Release|Any CPU.Build.0 = Release|Any CPU
		{4EAFF42C-8424-4BBB-93E5-4E0A7DF7EFCC}.Debug|Any CPU.ActiveCfg = Debug|Any CPU
		{4EAFF42C-8424-4BBB-93E5-4E0A7DF7EFCC}.Debug|Any CPU.Build.0 = Debug|Any CPU
		{4EAFF42C-8424-4BBB-93E5-4E0A7DF7EFCC}.Release|Any CPU.ActiveCfg = Release|Any CPU
		{4EAFF42C-8424-4BBB-93E5-4E0A7DF7EFCC}.Release|Any CPU.Build.0 = Release|Any CPU
		{8317C8F8-EDD4-42DD-9C8A-D00310850937}.Debug|Any CPU.ActiveCfg = Debug|Any CPU
		{8317C8F8-EDD4-42DD-9C8A-D00310850937}.Debug|Any CPU.Build.0 = Debug|Any CPU
		{8317C8F8-EDD4-42DD-9C8A-D00310850937}.Release|Any CPU.ActiveCfg = Release|Any CPU
		{8317C8F8-EDD4-42DD-9C8A-D00310850937}.Release|Any CPU.Build.0 = Release|Any CPU
		{CBED2A8C-336E-4173-8133-1757DC5D76B9}.Debug|Any CPU.ActiveCfg = Debug|Any CPU
		{CBED2A8C-336E-4173-8133-1757DC5D76B9}.Debug|Any CPU.Build.0 = Debug|Any CPU
		{CBED2A8C-336E-4173-8133-1757DC5D76B9}.Release|Any CPU.ActiveCfg = Release|Any CPU
		{CBED2A8C-336E-4173-8133-1757DC5D76B9}.Release|Any CPU.Build.0 = Release|Any CPU
		{594D173B-116F-4439-951F-0798DBA9E4CC}.Debug|Any CPU.ActiveCfg = Debug|Any CPU
		{594D173B-116F-4439-951F-0798DBA9E4CC}.Debug|Any CPU.Build.0 = Debug|Any CPU
		{594D173B-116F-4439-951F-0798DBA9E4CC}.Release|Any CPU.ActiveCfg = Release|Any CPU
		{594D173B-116F-4439-951F-0798DBA9E4CC}.Release|Any CPU.Build.0 = Release|Any CPU
	EndGlobalSection
	GlobalSection(SolutionProperties) = preSolution
		HideSolutionNode = FALSE
	EndGlobalSection
	GlobalSection(ExtensibilityGlobals) = postSolution
		SolutionGuid = {C3F91CF3-2D53-43A4-A401-F18563F33971}
	EndGlobalSection
EndGlobal
